// !$*UTF8*$!
{
	archiveVersion = 1;
	classes = {
	};
	objectVersion = 56;
	objects = {

/* Begin PBXBuildFile section */
		E307A6742947BE5900B8AB8B /* Easy_StudyApp.swift in Sources */ = {isa = PBXBuildFile; fileRef = E307A6732947BE5900B8AB8B /* Easy_StudyApp.swift */; };
		E307A6762947BE5900B8AB8B /* ContentView.swift in Sources */ = {isa = PBXBuildFile; fileRef = E307A6752947BE5900B8AB8B /* ContentView.swift */; };
		E307A6782947BE5A00B8AB8B /* Assets.xcassets in Resources */ = {isa = PBXBuildFile; fileRef = E307A6772947BE5A00B8AB8B /* Assets.xcassets */; };
		E307A67B2947BE5A00B8AB8B /* Preview Assets.xcassets in Resources */ = {isa = PBXBuildFile; fileRef = E307A67A2947BE5A00B8AB8B /* Preview Assets.xcassets */; };
		E307A6852947BE5A00B8AB8B /* Easy_StudyTests.swift in Sources */ = {isa = PBXBuildFile; fileRef = E307A6842947BE5A00B8AB8B /* Easy_StudyTests.swift */; };
		E307A68F2947BE5A00B8AB8B /* Easy_StudyUITests.swift in Sources */ = {isa = PBXBuildFile; fileRef = E307A68E2947BE5A00B8AB8B /* Easy_StudyUITests.swift */; };
		E307A6912947BE5A00B8AB8B /* Easy_StudyUITestsLaunchTests.swift in Sources */ = {isa = PBXBuildFile; fileRef = E307A6902947BE5A00B8AB8B /* Easy_StudyUITestsLaunchTests.swift */; };
		E307A69F2947C20500B8AB8B /* login.swift in Sources */ = {isa = PBXBuildFile; fileRef = E307A69E2947C20500B8AB8B /* login.swift */; };
/* End PBXBuildFile section */

/* Begin PBXContainerItemProxy section */
		E307A6812947BE5A00B8AB8B /* PBXContainerItemProxy */ = {
			isa = PBXContainerItemProxy;
			containerPortal = E307A6682947BE5900B8AB8B /* Project object */;
			proxyType = 1;
			remoteGlobalIDString = E307A66F2947BE5900B8AB8B;
			remoteInfo = "Easy Study";
		};
		E307A68B2947BE5A00B8AB8B /* PBXContainerItemProxy */ = {
			isa = PBXContainerItemProxy;
			containerPortal = E307A6682947BE5900B8AB8B /* Project object */;
			proxyType = 1;
			remoteGlobalIDString = E307A66F2947BE5900B8AB8B;
			remoteInfo = "Easy Study";
		};
/* End PBXContainerItemProxy section */

/* Begin PBXFileReference section */
		E307A6702947BE5900B8AB8B /* Easy Study.app */ = {isa = PBXFileReference; explicitFileType = wrapper.application; includeInIndex = 0; path = "Easy Study.app"; sourceTree = BUILT_PRODUCTS_DIR; };
		E307A6732947BE5900B8AB8B /* Easy_StudyApp.swift */ = {isa = PBXFileReference; lastKnownFileType = sourcecode.swift; path = Easy_StudyApp.swift; sourceTree = "<group>"; };
		E307A6752947BE5900B8AB8B /* ContentView.swift */ = {isa = PBXFileReference; lastKnownFileType = sourcecode.swift; path = ContentView.swift; sourceTree = "<group>"; };
		E307A6772947BE5A00B8AB8B /* Assets.xcassets */ = {isa = PBXFileReference; lastKnownFileType = folder.assetcatalog; path = Assets.xcassets; sourceTree = "<group>"; };
		E307A67A2947BE5A00B8AB8B /* Preview Assets.xcassets */ = {isa = PBXFileReference; lastKnownFileType = folder.assetcatalog; path = "Preview Assets.xcassets"; sourceTree = "<group>"; };
		E307A6802947BE5A00B8AB8B /* Easy StudyTests.xctest */ = {isa = PBXFileReference; explicitFileType = wrapper.cfbundle; includeInIndex = 0; path = "Easy StudyTests.xctest"; sourceTree = BUILT_PRODUCTS_DIR; };
		E307A6842947BE5A00B8AB8B /* Easy_StudyTests.swift */ = {isa = PBXFileReference; lastKnownFileType = sourcecode.swift; path = Easy_StudyTests.swift; sourceTree = "<group>"; };
		E307A68A2947BE5A00B8AB8B /* Easy StudyUITests.xctest */ = {isa = PBXFileReference; explicitFileType = wrapper.cfbundle; includeInIndex = 0; path = "Easy StudyUITests.xctest"; sourceTree = BUILT_PRODUCTS_DIR; };
		E307A68E2947BE5A00B8AB8B /* Easy_StudyUITests.swift */ = {isa = PBXFileReference; lastKnownFileType = sourcecode.swift; path = Easy_StudyUITests.swift; sourceTree = "<group>"; };
		E307A6902947BE5A00B8AB8B /* Easy_StudyUITestsLaunchTests.swift */ = {isa = PBXFileReference; lastKnownFileType = sourcecode.swift; path = Easy_StudyUITestsLaunchTests.swift; sourceTree = "<group>"; };
		E307A69E2947C20500B8AB8B /* login.swift */ = {isa = PBXFileReference; lastKnownFileType = sourcecode.swift; path = login.swift; sourceTree = "<group>"; };
/* End PBXFileReference section */

/* Begin PBXFrameworksBuildPhase section */
		E307A66D2947BE5900B8AB8B /* Frameworks */ = {
			isa = PBXFrameworksBuildPhase;
			buildActionMask = 2147483647;
			files = (
			);
			runOnlyForDeploymentPostprocessing = 0;
		};
		E307A67D2947BE5A00B8AB8B /* Frameworks */ = {
			isa = PBXFrameworksBuildPhase;
			buildActionMask = 2147483647;
			files = (
			);
			runOnlyForDeploymentPostprocessing = 0;
		};
		E307A6872947BE5A00B8AB8B /* Frameworks */ = {
			isa = PBXFrameworksBuildPhase;
			buildActionMask = 2147483647;
			files = (
			);
			runOnlyForDeploymentPostprocessing = 0;
		};
/* End PBXFrameworksBuildPhase section */

/* Begin PBXGroup section */
		E307A6672947BE5900B8AB8B = {
			isa = PBXGroup;
			children = (
				E307A6722947BE5900B8AB8B /* Easy Study */,
				E307A6832947BE5A00B8AB8B /* Easy StudyTests */,
				E307A68D2947BE5A00B8AB8B /* Easy StudyUITests */,
				E307A6712947BE5900B8AB8B /* Products */,
			);
			sourceTree = "<group>";
		};
		E307A6712947BE5900B8AB8B /* Products */ = {
			isa = PBXGroup;
			children = (
				E307A6702947BE5900B8AB8B /* Easy Study.app */,
				E307A6802947BE5A00B8AB8B /* Easy StudyTests.xctest */,
				E307A68A2947BE5A00B8AB8B /* Easy StudyUITests.xctest */,
			);
			name = Products;
			sourceTree = "<group>";
		};
		E307A6722947BE5900B8AB8B /* Easy Study */ = {
			isa = PBXGroup;
			children = (
				E307A69D2947C1C300B8AB8B /* authentication */,
				E307A6732947BE5900B8AB8B /* Easy_StudyApp.swift */,
				E307A6752947BE5900B8AB8B /* ContentView.swift */,
				E307A6772947BE5A00B8AB8B /* Assets.xcassets */,
				E307A6792947BE5A00B8AB8B /* Preview Content */,
			);
			path = "Easy Study";
			sourceTree = "<group>";
		};
		E307A6792947BE5A00B8AB8B /* Preview Content */ = {
			isa = PBXGroup;
			children = (
				E307A67A2947BE5A00B8AB8B /* Preview Assets.xcassets */,
			);
			path = "Preview Content";
			sourceTree = "<group>";
		};
		E307A6832947BE5A00B8AB8B /* Easy StudyTests */ = {
			isa = PBXGroup;
			children = (
				E307A6842947BE5A00B8AB8B /* Easy_StudyTests.swift */,
			);
			path = "Easy StudyTests";
			sourceTree = "<group>";
		};
		E307A68D2947BE5A00B8AB8B /* Easy StudyUITests */ = {
			isa = PBXGroup;
			children = (
				E307A68E2947BE5A00B8AB8B /* Easy_StudyUITests.swift */,
				E307A6902947BE5A00B8AB8B /* Easy_StudyUITestsLaunchTests.swift */,
			);
			path = "Easy StudyUITests";
			sourceTree = "<group>";
		};
		E307A69D2947C1C300B8AB8B /* authentication */ = {
			isa = PBXGroup;
			children = (
				E307A69E2947C20500B8AB8B /* login.swift */,
			);
			path = authentication;
			sourceTree = "<group>";
		};
/* End PBXGroup section */

/* Begin PBXNativeTarget section */
		E307A66F2947BE5900B8AB8B /* Easy Study */ = {
			isa = PBXNativeTarget;
			buildConfigurationList = E307A6942947BE5A00B8AB8B /* Build configuration list for PBXNativeTarget "Easy Study" */;
			buildPhases = (
				E307A66C2947BE5900B8AB8B /* Sources */,
				E307A66D2947BE5900B8AB8B /* Frameworks */,
				E307A66E2947BE5900B8AB8B /* Resources */,
			);
			buildRules = (
			);
			dependencies = (
			);
			name = "Easy Study";
			productName = "Easy Study";
			productReference = E307A6702947BE5900B8AB8B /* Easy Study.app */;
			productType = "com.apple.product-type.application";
		};
		E307A67F2947BE5A00B8AB8B /* Easy StudyTests */ = {
			isa = PBXNativeTarget;
			buildConfigurationList = E307A6972947BE5A00B8AB8B /* Build configuration list for PBXNativeTarget "Easy StudyTests" */;
			buildPhases = (
				E307A67C2947BE5A00B8AB8B /* Sources */,
				E307A67D2947BE5A00B8AB8B /* Frameworks */,
				E307A67E2947BE5A00B8AB8B /* Resources */,
			);
			buildRules = (
			);
			dependencies = (
				E307A6822947BE5A00B8AB8B /* PBXTargetDependency */,
			);
			name = "Easy StudyTests";
			productName = "Easy StudyTests";
			productReference = E307A6802947BE5A00B8AB8B /* Easy StudyTests.xctest */;
			productType = "com.apple.product-type.bundle.unit-test";
		};
		E307A6892947BE5A00B8AB8B /* Easy StudyUITests */ = {
			isa = PBXNativeTarget;
			buildConfigurationList = E307A69A2947BE5A00B8AB8B /* Build configuration list for PBXNativeTarget "Easy StudyUITests" */;
			buildPhases = (
				E307A6862947BE5A00B8AB8B /* Sources */,
				E307A6872947BE5A00B8AB8B /* Frameworks */,
				E307A6882947BE5A00B8AB8B /* Resources */,
			);
			buildRules = (
			);
			dependencies = (
				E307A68C2947BE5A00B8AB8B /* PBXTargetDependency */,
			);
			name = "Easy StudyUITests";
			productName = "Easy StudyUITests";
			productReference = E307A68A2947BE5A00B8AB8B /* Easy StudyUITests.xctest */;
			productType = "com.apple.product-type.bundle.ui-testing";
		};
/* End PBXNativeTarget section */

/* Begin PBXProject section */
		E307A6682947BE5900B8AB8B /* Project object */ = {
			isa = PBXProject;
			attributes = {
				BuildIndependentTargetsInParallel = 1;
				LastSwiftUpdateCheck = 1410;
				LastUpgradeCheck = 1410;
				TargetAttributes = {
					E307A66F2947BE5900B8AB8B = {
						CreatedOnToolsVersion = 14.1;
					};
					E307A67F2947BE5A00B8AB8B = {
						CreatedOnToolsVersion = 14.1;
						TestTargetID = E307A66F2947BE5900B8AB8B;
					};
					E307A6892947BE5A00B8AB8B = {
						CreatedOnToolsVersion = 14.1;
						TestTargetID = E307A66F2947BE5900B8AB8B;
					};
				};
			};
			buildConfigurationList = E307A66B2947BE5900B8AB8B /* Build configuration list for PBXProject "Easy Study" */;
			compatibilityVersion = "Xcode 14.0";
			developmentRegion = en;
			hasScannedForEncodings = 0;
			knownRegions = (
				en,
				Base,
			);
			mainGroup = E307A6672947BE5900B8AB8B;
			productRefGroup = E307A6712947BE5900B8AB8B /* Products */;
			projectDirPath = "";
			projectRoot = "";
			targets = (
				E307A66F2947BE5900B8AB8B /* Easy Study */,
				E307A67F2947BE5A00B8AB8B /* Easy StudyTests */,
				E307A6892947BE5A00B8AB8B /* Easy StudyUITests */,
			);
		};
/* End PBXProject section */

/* Begin PBXResourcesBuildPhase section */
		E307A66E2947BE5900B8AB8B /* Resources */ = {
			isa = PBXResourcesBuildPhase;
			buildActionMask = 2147483647;
			files = (
				E307A67B2947BE5A00B8AB8B /* Preview Assets.xcassets in Resources */,
				E307A6782947BE5A00B8AB8B /* Assets.xcassets in Resources */,
			);
			runOnlyForDeploymentPostprocessing = 0;
		};
		E307A67E2947BE5A00B8AB8B /* Resources */ = {
			isa = PBXResourcesBuildPhase;
			buildActionMask = 2147483647;
			files = (
			);
			runOnlyForDeploymentPostprocessing = 0;
		};
		E307A6882947BE5A00B8AB8B /* Resources */ = {
			isa = PBXResourcesBuildPhase;
			buildActionMask = 2147483647;
			files = (
			);
			runOnlyForDeploymentPostprocessing = 0;
		};
/* End PBXResourcesBuildPhase section */

/* Begin PBXSourcesBuildPhase section */
		E307A66C2947BE5900B8AB8B /* Sources */ = {
			isa = PBXSourcesBuildPhase;
			buildActionMask = 2147483647;
			files = (
				E307A6762947BE5900B8AB8B /* ContentView.swift in Sources */,
				E307A69F2947C20500B8AB8B /* login.swift in Sources */,
				E307A6742947BE5900B8AB8B /* Easy_StudyApp.swift in Sources */,
			);
			runOnlyForDeploymentPostprocessing = 0;
		};
		E307A67C2947BE5A00B8AB8B /* Sources */ = {
			isa = PBXSourcesBuildPhase;
			buildActionMask = 2147483647;
			files = (
				E307A6852947BE5A00B8AB8B /* Easy_StudyTests.swift in Sources */,
			);
			runOnlyForDeploymentPostprocessing = 0;
		};
		E307A6862947BE5A00B8AB8B /* Sources */ = {
			isa = PBXSourcesBuildPhase;
			buildActionMask = 2147483647;
			files = (
				E307A6912947BE5A00B8AB8B /* Easy_StudyUITestsLaunchTests.swift in Sources */,
				E307A68F2947BE5A00B8AB8B /* Easy_StudyUITests.swift in Sources */,
			);
			runOnlyForDeploymentPostprocessing = 0;
		};
/* End PBXSourcesBuildPhase section */

/* Begin PBXTargetDependency section */
		E307A6822947BE5A00B8AB8B /* PBXTargetDependency */ = {
			isa = PBXTargetDependency;
			target = E307A66F2947BE5900B8AB8B /* Easy Study */;
			targetProxy = E307A6812947BE5A00B8AB8B /* PBXContainerItemProxy */;
		};
		E307A68C2947BE5A00B8AB8B /* PBXTargetDependency */ = {
			isa = PBXTargetDependency;
			target = E307A66F2947BE5900B8AB8B /* Easy Study */;
			targetProxy = E307A68B2947BE5A00B8AB8B /* PBXContainerItemProxy */;
		};
/* End PBXTargetDependency section */

/* Begin XCBuildConfiguration section */
		E307A6922947BE5A00B8AB8B /* Debug */ = {
			isa = XCBuildConfiguration;
			buildSettings = {
				ALWAYS_SEARCH_USER_PATHS = NO;
				CLANG_ANALYZER_NONNULL = YES;
				CLANG_ANALYZER_NUMBER_OBJECT_CONVERSION = YES_AGGRESSIVE;
				CLANG_CXX_LANGUAGE_STANDARD = "gnu++20";
				CLANG_ENABLE_MODULES = YES;
				CLANG_ENABLE_OBJC_ARC = YES;
				CLANG_ENABLE_OBJC_WEAK = YES;
				CLANG_WARN_BLOCK_CAPTURE_AUTORELEASING = YES;
				CLANG_WARN_BOOL_CONVERSION = YES;
				CLANG_WARN_COMMA = YES;
				CLANG_WARN_CONSTANT_CONVERSION = YES;
				CLANG_WARN_DEPRECATED_OBJC_IMPLEMENTATIONS = YES;
				CLANG_WARN_DIRECT_OBJC_ISA_USAGE = YES_ERROR;
				CLANG_WARN_DOCUMENTATION_COMMENTS = YES;
				CLANG_WARN_EMPTY_BODY = YES;
				CLANG_WARN_ENUM_CONVERSION = YES;
				CLANG_WARN_INFINITE_RECURSION = YES;
				CLANG_WARN_INT_CONVERSION = YES;
				CLANG_WARN_NON_LITERAL_NULL_CONVERSION = YES;
				CLANG_WARN_OBJC_IMPLICIT_RETAIN_SELF = YES;
				CLANG_WARN_OBJC_LITERAL_CONVERSION = YES;
				CLANG_WARN_OBJC_ROOT_CLASS = YES_ERROR;
				CLANG_WARN_QUOTED_INCLUDE_IN_FRAMEWORK_HEADER = YES;
				CLANG_WARN_RANGE_LOOP_ANALYSIS = YES;
				CLANG_WARN_STRICT_PROTOTYPES = YES;
				CLANG_WARN_SUSPICIOUS_MOVE = YES;
				CLANG_WARN_UNGUARDED_AVAILABILITY = YES_AGGRESSIVE;
				CLANG_WARN_UNREACHABLE_CODE = YES;
				CLANG_WARN__DUPLICATE_METHOD_MATCH = YES;
				COPY_PHASE_STRIP = NO;
				DEBUG_INFORMATION_FORMAT = dwarf;
				ENABLE_STRICT_OBJC_MSGSEND = YES;
				ENABLE_TESTABILITY = YES;
				GCC_C_LANGUAGE_STANDARD = gnu11;
				GCC_DYNAMIC_NO_PIC = NO;
				GCC_NO_COMMON_BLOCKS = YES;
				GCC_OPTIMIZATION_LEVEL = 0;
				GCC_PREPROCESSOR_DEFINITIONS = (
					"DEBUG=1",
					"$(inherited)",
				);
				GCC_WARN_64_TO_32_BIT_CONVERSION = YES;
				GCC_WARN_ABOUT_RETURN_TYPE = YES_ERROR;
				GCC_WARN_UNDECLARED_SELECTOR = YES;
				GCC_WARN_UNINITIALIZED_AUTOS = YES_AGGRESSIVE;
				GCC_WARN_UNUSED_FUNCTION = YES;
				GCC_WARN_UNUSED_VARIABLE = YES;
				IPHONEOS_DEPLOYMENT_TARGET = 16.1;
				MTL_ENABLE_DEBUG_INFO = INCLUDE_SOURCE;
				MTL_FAST_MATH = YES;
				ONLY_ACTIVE_ARCH = YES;
				SDKROOT = iphoneos;
				SWIFT_ACTIVE_COMPILATION_CONDITIONS = DEBUG;
				SWIFT_OPTIMIZATION_LEVEL = "-Onone";
			};
			name = Debug;
		};
		E307A6932947BE5A00B8AB8B /* Release */ = {
			isa = XCBuildConfiguration;
			buildSettings = {
				ALWAYS_SEARCH_USER_PATHS = NO;
				CLANG_ANALYZER_NONNULL = YES;
				CLANG_ANALYZER_NUMBER_OBJECT_CONVERSION = YES_AGGRESSIVE;
				CLANG_CXX_LANGUAGE_STANDARD = "gnu++20";
				CLANG_ENABLE_MODULES = YES;
				CLANG_ENABLE_OBJC_ARC = YES;
				CLANG_ENABLE_OBJC_WEAK = YES;
				CLANG_WARN_BLOCK_CAPTURE_AUTORELEASING = YES;
				CLANG_WARN_BOOL_CONVERSION = YES;
				CLANG_WARN_COMMA = YES;
				CLANG_WARN_CONSTANT_CONVERSION = YES;
				CLANG_WARN_DEPRECATED_OBJC_IMPLEMENTATIONS = YES;
				CLANG_WARN_DIRECT_OBJC_ISA_USAGE = YES_ERROR;
				CLANG_WARN_DOCUMENTATION_COMMENTS = YES;
				CLANG_WARN_EMPTY_BODY = YES;
				CLANG_WARN_ENUM_CONVERSION = YES;
				CLANG_WARN_INFINITE_RECURSION = YES;
				CLANG_WARN_INT_CONVERSION = YES;
				CLANG_WARN_NON_LITERAL_NULL_CONVERSION = YES;
				CLANG_WARN_OBJC_IMPLICIT_RETAIN_SELF = YES;
				CLANG_WARN_OBJC_LITERAL_CONVERSION = YES;
				CLANG_WARN_OBJC_ROOT_CLASS = YES_ERROR;
				CLANG_WARN_QUOTED_INCLUDE_IN_FRAMEWORK_HEADER = YES;
				CLANG_WARN_RANGE_LOOP_ANALYSIS = YES;
				CLANG_WARN_STRICT_PROTOTYPES = YES;
				CLANG_WARN_SUSPICIOUS_MOVE = YES;
				CLANG_WARN_UNGUARDED_AVAILABILITY = YES_AGGRESSIVE;
				CLANG_WARN_UNREACHABLE_CODE = YES;
				CLANG_WARN__DUPLICATE_METHOD_MATCH = YES;
				COPY_PHASE_STRIP = NO;
				DEBUG_INFORMATION_FORMAT = "dwarf-with-dsym";
				ENABLE_NS_ASSERTIONS = NO;
				ENABLE_STRICT_OBJC_MSGSEND = YES;
				GCC_C_LANGUAGE_STANDARD = gnu11;
				GCC_NO_COMMON_BLOCKS = YES;
				GCC_WARN_64_TO_32_BIT_CONVERSION = YES;
				GCC_WARN_ABOUT_RETURN_TYPE = YES_ERROR;
				GCC_WARN_UNDECLARED_SELECTOR = YES;
				GCC_WARN_UNINITIALIZED_AUTOS = YES_AGGRESSIVE;
				GCC_WARN_UNUSED_FUNCTION = YES;
				GCC_WARN_UNUSED_VARIABLE = YES;
				IPHONEOS_DEPLOYMENT_TARGET = 16.1;
				MTL_ENABLE_DEBUG_INFO = NO;
				MTL_FAST_MATH = YES;
				SDKROOT = iphoneos;
				SWIFT_COMPILATION_MODE = wholemodule;
				SWIFT_OPTIMIZATION_LEVEL = "-O";
				VALIDATE_PRODUCT = YES;
			};
			name = Release;
		};
		E307A6952947BE5A00B8AB8B /* Debug */ = {
			isa = XCBuildConfiguration;
			buildSettings = {
				ASSETCATALOG_COMPILER_APPICON_NAME = AppIcon;
				ASSETCATALOG_COMPILER_GLOBAL_ACCENT_COLOR_NAME = AccentColor;
				CODE_SIGN_STYLE = Automatic;
				CURRENT_PROJECT_VERSION = 1;
				DEVELOPMENT_ASSET_PATHS = "\"Easy Study/Preview Content\"";
				DEVELOPMENT_TEAM = K8XD36PM9N;
				ENABLE_PREVIEWS = YES;
				GENERATE_INFOPLIST_FILE = YES;
				INFOPLIST_KEY_UIApplicationSceneManifest_Generation = YES;
				INFOPLIST_KEY_UIApplicationSupportsIndirectInputEvents = YES;
				INFOPLIST_KEY_UILaunchScreen_Generation = YES;
				INFOPLIST_KEY_UISupportedInterfaceOrientations_iPad = "UIInterfaceOrientationPortrait UIInterfaceOrientationPortraitUpsideDown UIInterfaceOrientationLandscapeLeft UIInterfaceOrientationLandscapeRight";
				INFOPLIST_KEY_UISupportedInterfaceOrientations_iPhone = "UIInterfaceOrientationPortrait UIInterfaceOrientationLandscapeLeft UIInterfaceOrientationLandscapeRight";
				IPHONEOS_DEPLOYMENT_TARGET = 15.0;
				LD_RUNPATH_SEARCH_PATHS = (
					"$(inherited)",
					"@executable_path/Frameworks",
				);
				MARKETING_VERSION = 1.0;
				PRODUCT_BUNDLE_IDENTIFIER = "com.dev.vlad.Easy-Study";
				PRODUCT_NAME = "$(TARGET_NAME)";
				SWIFT_EMIT_LOC_STRINGS = YES;
				SWIFT_VERSION = 5.0;
				TARGETED_DEVICE_FAMILY = "1,2";
			};
			name = Debug;
		};
		E307A6962947BE5A00B8AB8B /* Release */ = {
			isa = XCBuildConfiguration;
			buildSettings = {
				ASSETCATALOG_COMPILER_APPICON_NAME = AppIcon;
				ASSETCATALOG_COMPILER_GLOBAL_ACCENT_COLOR_NAME = AccentColor;
				CODE_SIGN_STYLE = Automatic;
				CURRENT_PROJECT_VERSION = 1;
				DEVELOPMENT_ASSET_PATHS = "\"Easy Study/Preview Content\"";
				DEVELOPMENT_TEAM = K8XD36PM9N;
				ENABLE_PREVIEWS = YES;
				GENERATE_INFOPLIST_FILE = YES;
				INFOPLIST_KEY_UIApplicationSceneManifest_Generation = YES;
				INFOPLIST_KEY_UIApplicationSupportsIndirectInputEvents = YES;
				INFOPLIST_KEY_UILaunchScreen_Generation = YES;
				INFOPLIST_KEY_UISupportedInterfaceOrientations_iPad = "UIInterfaceOrientationPortrait UIInterfaceOrientationPortraitUpsideDown UIInterfaceOrientationLandscapeLeft UIInterfaceOrientationLandscapeRight";
				INFOPLIST_KEY_UISupportedInterfaceOrientations_iPhone = "UIInterfaceOrientationPortrait UIInterfaceOrientationLandscapeLeft UIInterfaceOrientationLandscapeRight";
				IPHONEOS_DEPLOYMENT_TARGET = 15.0;
				LD_RUNPATH_SEARCH_PATHS = (
					"$(inherited)",
					"@executable_path/Frameworks",
				);
				MARKETING_VERSION = 1.0;
				PRODUCT_BUNDLE_IDENTIFIER = "com.dev.vlad.Easy-Study";
				PRODUCT_NAME = "$(TARGET_NAME)";
				SWIFT_EMIT_LOC_STRINGS = YES;
				SWIFT_VERSION = 5.0;
				TARGETED_DEVICE_FAMILY = "1,2";
			};
			name = Release;
		};
		E307A6982947BE5A00B8AB8B /* Debug */ = {
			isa = XCBuildConfiguration;
			buildSettings = {
				ALWAYS_EMBED_SWIFT_STANDARD_LIBRARIES = YES;
				BUNDLE_LOADER = "$(TEST_HOST)";
				CODE_SIGN_STYLE = Automatic;
				CURRENT_PROJECT_VERSION = 1;
				DEVELOPMENT_TEAM = K8XD36PM9N;
				GENERATE_INFOPLIST_FILE = YES;
				IPHONEOS_DEPLOYMENT_TARGET = 16.1;
				MARKETING_VERSION = 1.0;
				PRODUCT_BUNDLE_IDENTIFIER = "com.dev.vlad.Easy-StudyTests";
				PRODUCT_NAME = "$(TARGET_NAME)";
				SWIFT_EMIT_LOC_STRINGS = NO;
				SWIFT_VERSION = 5.0;
				TARGETED_DEVICE_FAMILY = "1,2";
				TEST_HOST = "$(BUILT_PRODUCTS_DIR)/Easy Study.app/$(BUNDLE_EXECUTABLE_FOLDER_PATH)/Easy Study";
			};
			name = Debug;
		};
		E307A6992947BE5A00B8AB8B /* Release */ = {
			isa = XCBuildConfiguration;
			buildSettings = {
				ALWAYS_EMBED_SWIFT_STANDARD_LIBRARIES = YES;
				BUNDLE_LOADER = "$(TEST_HOST)";
				CODE_SIGN_STYLE = Automatic;
				CURRENT_PROJECT_VERSION = 1;
				DEVELOPMENT_TEAM = K8XD36PM9N;
				GENERATE_INFOPLIST_FILE = YES;
				IPHONEOS_DEPLOYMENT_TARGET = 16.1;
				MARKETING_VERSION = 1.0;
				PRODUCT_BUNDLE_IDENTIFIER = "com.dev.vlad.Easy-StudyTests";
				PRODUCT_NAME = "$(TARGET_NAME)";
				SWIFT_EMIT_LOC_STRINGS = NO;
				SWIFT_VERSION = 5.0;
				TARGETED_DEVICE_FAMILY = "1,2";
				TEST_HOST = "$(BUILT_PRODUCTS_DIR)/Easy Study.app/$(BUNDLE_EXECUTABLE_FOLDER_PATH)/Easy Study";
			};
			name = Release;
		};
		E307A69B2947BE5A00B8AB8B /* Debug */ = {
			isa = XCBuildConfiguration;
			buildSettings = {
				ALWAYS_EMBED_SWIFT_STANDARD_LIBRARIES = YES;
				CODE_SIGN_STYLE = Automatic;
				CURRENT_PROJECT_VERSION = 1;
				DEVELOPMENT_TEAM = K8XD36PM9N;
				GENERATE_INFOPLIST_FILE = YES;
				MARKETING_VERSION = 1.0;
				PRODUCT_BUNDLE_IDENTIFIER = "com.dev.vlad.Easy-StudyUITests";
				PRODUCT_NAME = "$(TARGET_NAME)";
				SWIFT_EMIT_LOC_STRINGS = NO;
				SWIFT_VERSION = 5.0;
				TARGETED_DEVICE_FAMILY = "1,2";
				TEST_TARGET_NAME = "Easy Study";
			};
			name = Debug;
		};
		E307A69C2947BE5A00B8AB8B /* Release */ = {
			isa = XCBuildConfiguration;
			buildSettings = {
				ALWAYS_EMBED_SWIFT_STANDARD_LIBRARIES = YES;
				CODE_SIGN_STYLE = Automatic;
				CURRENT_PROJECT_VERSION = 1;
				DEVELOPMENT_TEAM = K8XD36PM9N;
				GENERATE_INFOPLIST_FILE = YES;
				MARKETING_VERSION = 1.0;
				PRODUCT_BUNDLE_IDENTIFIER = "com.dev.vlad.Easy-StudyUITests";
				PRODUCT_NAME = "$(TARGET_NAME)";
				SWIFT_EMIT_LOC_STRINGS = NO;
				SWIFT_VERSION = 5.0;
				TARGETED_DEVICE_FAMILY = "1,2";
				TEST_TARGET_NAME = "Easy Study";
			};
			name = Release;
		};
/* End XCBuildConfiguration section */

/* Begin XCConfigurationList section */
		E307A66B2947BE5900B8AB8B /* Build configuration list for PBXProject "Easy Study" */ = {
			isa = XCConfigurationList;
			buildConfigurations = (
				E307A6922947BE5A00B8AB8B /* Debug */,
				E307A6932947BE5A00B8AB8B /* Release */,
			);
			defaultConfigurationIsVisible = 0;
			defaultConfigurationName = Release;
		};
		E307A6942947BE5A00B8AB8B /* Build configuration list for PBXNativeTarget "Easy Study" */ = {
			isa = XCConfigurationList;
			buildConfigurations = (
				E307A6952947BE5A00B8AB8B /* Debug */,
				E307A6962947BE5A00B8AB8B /* Release */,
			);
			defaultConfigurationIsVisible = 0;
			defaultConfigurationName = Release;
		};
		E307A6972947BE5A00B8AB8B /* Build configuration list for PBXNativeTarget "Easy StudyTests" */ = {
			isa = XCConfigurationList;
			buildConfigurations = (
				E307A6982947BE5A00B8AB8B /* Debug */,
				E307A6992947BE5A00B8AB8B /* Release */,
			);
			defaultConfigurationIsVisible = 0;
			defaultConfigurationName = Release;
		};
		E307A69A2947BE5A00B8AB8B /* Build configuration list for PBXNativeTarget "Easy StudyUITests" */ = {
			isa = XCConfigurationList;
			buildConfigurations = (
				E307A69B2947BE5A00B8AB8B /* Debug */,
				E307A69C2947BE5A00B8AB8B /* Release */,
			);
			defaultConfigurationIsVisible = 0;
			defaultConfigurationName = Release;
		};
/* End XCConfigurationList section */
	};
	rootObject = E307A6682947BE5900B8AB8B /* Project object */;
}
